<?xml version="1.0" encoding="utf-8"?>
<!--
xmake version 2.8.3+dev.1c934c2e1

  This file is auto generated by xmake.

  Please DO NOT EDIT since all your modification will lost after re-generation.
  See https://github.com/xmake-io/xmake/pull/472 for more infomation.
-->
<Project ToolsVersion="4.0" xmlns="http://schemas.microsoft.com/developer/msbuild/2003">
  <ItemGroup>
    <Filter Include="Properties">
      <UniqueIdentifier>{CC7C6180-942D-056E-3227-E6A2B3FB19CD}</UniqueIdentifier>
    </Filter>
    <Filter Include="src">
      <UniqueIdentifier>{491FBF00-292E-479F-8C8F-7A2AC045023A}</UniqueIdentifier>
    </Filter>
    <Filter Include="src\ll">
      <UniqueIdentifier>{C07587D3-6514-4115-8A5D-CF9FCCB1CCCA}</UniqueIdentifier>
    </Filter>
    <Filter Include="src\ll\base">
      <UniqueIdentifier>{0F47AB0C-40E7-4865-8F43-D82A77C3CB31}</UniqueIdentifier>
    </Filter>
    <Filter Include="src\ll\memory">
      <UniqueIdentifier>{036029C2-61F1-40EF-A84F-19EE5125BE9A}</UniqueIdentifier>
    </Filter>
    <Filter Include="src\ll\utils">
      <UniqueIdentifier>{4A63B778-9438-4534-9B13-2ABEAD30D571}</UniqueIdentifier>
    </Filter>
    <Filter Include="src\mc">
      <UniqueIdentifier>{0162ADAC-EFA1-4FE3-A073-E7EC2F63E8AB}</UniqueIdentifier>
    </Filter>
    <Filter Include="src\mc\common">
      <UniqueIdentifier>{816249F6-794A-4C6A-832E-B120920C5886}</UniqueIdentifier>
    </Filter>
    <Filter Include="src\mc\item">
      <UniqueIdentifier>{B7A7D42E-C820-46DF-97B6-AD0F4880446D}</UniqueIdentifier>
    </Filter>
    <Filter Include="src\mc\math">
      <UniqueIdentifier>{E9902B95-443D-49C3-9163-7BF09931D335}</UniqueIdentifier>
    </Filter>
    <Filter Include="src\mc\math\vector">
      <UniqueIdentifier>{70F0A6E7-F2C2-4DC6-A00A-3A9E11B54241}</UniqueIdentifier>
    </Filter>
    <Filter Include="src\mc\math\vector\component">
      <UniqueIdentifier>{7752CA6E-1E94-41AB-B9F3-AAFF10030B04}</UniqueIdentifier>
    </Filter>
    <Filter Include="src\mc\math\vector\component\base">
      <UniqueIdentifier>{C19617D0-8EF0-4456-90B4-7866D6E803C5}</UniqueIdentifier>
    </Filter>
    <Filter Include="src\mc\nbt">
      <UniqueIdentifier>{FAE2461E-E46E-434A-A26B-216CE4F7AD4D}</UniqueIdentifier>
    </Filter>
    <Filter Include="src\mc\network">
      <UniqueIdentifier>{C04F8A79-A279-4D4E-89F8-E4988892AFA4}</UniqueIdentifier>
    </Filter>
    <Filter Include="src\mc\util">
      <UniqueIdentifier>{A841D91E-6C2E-4DA3-84A2-5B6BB3F80ED4}</UniqueIdentifier>
    </Filter>
    <Filter Include="src\mc\util\json">
      <UniqueIdentifier>{5CAE6053-1970-42D8-AB59-585E3E27B501}</UniqueIdentifier>
    </Filter>
    <Filter Include="src\mc\world">
      <UniqueIdentifier>{1D05B9F7-A1AE-48A9-9F5D-A8ECE8DFA50D}</UniqueIdentifier>
    </Filter>

  </ItemGroup>
  <ItemGroup>
    <None Include="$(MSBuildProjectDirectory)\Xmake.Custom.props">
      <Filter>Properties</Filter>
    </None>
    <None Include="$(MSBuildProjectDirectory)\Xmake.Custom.targets">
      <Filter>Properties</Filter>
    </None>
    <None Include="$(MSBuildProjectDirectory)\Xmake.Custom.items">
      <Filter>Properties</Filter>
    </None>
    <None Include="$(MSBuildProjectDirectory)\Xmake.Custom.items.filters">
      <Filter>Properties</Filter>
    </None>
    <None Include="$(XmakeScriptDir)\xmake.lua">
      <Filter>Properties</Filter>
    </None>
  </ItemGroup>
  <ItemGroup>
    <ClInclude Include="$(XmakeProjectDir)\src\DataExtractor.h">
      <Filter>src</Filter>
    </ClInclude>
    <ClInclude Include="$(XmakeProjectDir)\src\ll\base\Concepts.h">
      <Filter>src\ll\base</Filter>
    </ClInclude>
    <ClInclude Include="$(XmakeProjectDir)\src\ll\base\FixedString.h">
      <Filter>src\ll\base</Filter>
    </ClInclude>
    <ClInclude Include="$(XmakeProjectDir)\src\ll\base\Hash.h">
      <Filter>src\ll\base</Filter>
    </ClInclude>
    <ClInclude Include="$(XmakeProjectDir)\src\ll\base\Macro.h">
      <Filter>src\ll\base</Filter>
    </ClInclude>
    <ClInclude Include="$(XmakeProjectDir)\src\ll\base\Meta.h">
      <Filter>src\ll\base</Filter>
    </ClInclude>
    <ClInclude Include="$(XmakeProjectDir)\src\ll\base\StdInt.h">
      <Filter>src\ll\base</Filter>
    </ClInclude>
    <ClInclude Include="$(XmakeProjectDir)\src\ll\memory\Closure.h">
      <Filter>src\ll\memory</Filter>
    </ClInclude>
    <ClInclude Include="$(XmakeProjectDir)\src\ll\memory\Hook.h">
      <Filter>src\ll\memory</Filter>
    </ClInclude>
    <ClInclude Include="$(XmakeProjectDir)\src\ll\memory\Memory.h">
      <Filter>src\ll\memory</Filter>
    </ClInclude>
    <ClInclude Include="$(XmakeProjectDir)\src\ll\memory\PatchHelper.h">
      <Filter>src\ll\memory</Filter>
    </ClInclude>
    <ClInclude Include="$(XmakeProjectDir)\src\ll\utils\Hash.h">
      <Filter>src\ll\utils</Filter>
    </ClInclude>
    <ClInclude Include="$(XmakeProjectDir)\src\ll\utils\StringUtils.h">
      <Filter>src\ll\utils</Filter>
    </ClInclude>
    <ClInclude Include="$(XmakeProjectDir)\src\ll\utils\WinUtils.h">
      <Filter>src\ll\utils</Filter>
    </ClInclude>
    <ClInclude Include="$(XmakeProjectDir)\src\mc\ActorDefinitionIdentifier.h">
      <Filter>src\mc</Filter>
    </ClInclude>
    <ClInclude Include="$(XmakeProjectDir)\src\mc\CreativeItemRegistry.h">
      <Filter>src\mc</Filter>
    </ClInclude>
    <ClInclude Include="$(XmakeProjectDir)\src\mc\IDataOutput.h">
      <Filter>src\mc</Filter>
    </ClInclude>
    <ClInclude Include="$(XmakeProjectDir)\src\mc\Minecraft.h">
      <Filter>src\mc</Filter>
    </ClInclude>
    <ClInclude Include="$(XmakeProjectDir)\src\mc\MinecraftCommands.h">
      <Filter>src\mc</Filter>
    </ClInclude>
    <ClInclude Include="$(XmakeProjectDir)\src\mc\_HeaderOutputPredefine.h">
      <Filter>src\mc</Filter>
    </ClInclude>
    <ClInclude Include="$(XmakeProjectDir)\src\mc\common\ARVRPlatform.h">
      <Filter>src\mc\common</Filter>
    </ClInclude>
    <ClInclude Include="$(XmakeProjectDir)\src\mc\common\AbilitiesIndex.h">
      <Filter>src\mc\common</Filter>
    </ClInclude>
    <ClInclude Include="$(XmakeProjectDir)\src\mc\common\AbilitiesLayer.h">
      <Filter>src\mc\common</Filter>
    </ClInclude>
    <ClInclude Include="$(XmakeProjectDir)\src\mc\common\ActiveDirectoryAction.h">
      <Filter>src\mc\common</Filter>
    </ClInclude>
    <ClInclude Include="$(XmakeProjectDir)\src\mc\common\ActorDamageCause.h">
      <Filter>src\mc\common</Filter>
    </ClInclude>
    <ClInclude Include="$(XmakeProjectDir)\src\mc\common\ActorType.h">
      <Filter>src\mc\common</Filter>
    </ClInclude>
    <ClInclude Include="$(XmakeProjectDir)\src\mc\common\AddRemove.h">
      <Filter>src\mc\common</Filter>
    </ClInclude>
    <ClInclude Include="$(XmakeProjectDir)\src\mc\common\AddTickingAreaStatus.h">
      <Filter>src\mc\common</Filter>
    </ClInclude>
    <ClInclude Include="$(XmakeProjectDir)\src\mc\common\AdjustmentEffect.h">
      <Filter>src\mc\common</Filter>
    </ClInclude>
    <ClInclude Include="$(XmakeProjectDir)\src\mc\common\AdvanceFrameResult.h">
      <Filter>src\mc\common</Filter>
    </ClInclude>
    <ClInclude Include="$(XmakeProjectDir)\src\mc\common\AgentActionType.h">
      <Filter>src\mc\common</Filter>
    </ClInclude>
    <ClInclude Include="$(XmakeProjectDir)\src\mc\common\AgentAnimation.h">
      <Filter>src\mc\common</Filter>
    </ClInclude>
    <ClInclude Include="$(XmakeProjectDir)\src\mc\common\AgentTravelType.h">
      <Filter>src\mc\common</Filter>
    </ClInclude>
    <ClInclude Include="$(XmakeProjectDir)\src\mc\common\AllExperiments.h">
      <Filter>src\mc\common</Filter>
    </ClInclude>
    <ClInclude Include="$(XmakeProjectDir)\src\mc\common\AnimationComponentGroupType.h">
      <Filter>src\mc\common</Filter>
    </ClInclude>
    <ClInclude Include="$(XmakeProjectDir)\src\mc\common\AnimationLoopMode.h">
      <Filter>src\mc\common</Filter>
    </ClInclude>
    <ClInclude Include="$(XmakeProjectDir)\src\mc\common\AnimationMode.h">
      <Filter>src\mc\common</Filter>
    </ClInclude>
    <ClInclude Include="$(XmakeProjectDir)\src\mc\common\AnvilDamage.h">
      <Filter>src\mc\common</Filter>
    </ClInclude>
    <ClInclude Include="$(XmakeProjectDir)\src\mc\common\ApiId.h">
      <Filter>src\mc\common</Filter>
    </ClInclude>
    <ClInclude Include="$(XmakeProjectDir)\src\mc\common\AppFocusState.h">
      <Filter>src\mc\common</Filter>
    </ClInclude>
    <ClInclude Include="$(XmakeProjectDir)\src\mc\common\ArmorMaterialType.h">
      <Filter>src\mc\common</Filter>
    </ClInclude>
    <ClInclude Include="$(XmakeProjectDir)\src\mc\common\ArmorSlot.h">
      <Filter>src\mc\common</Filter>
    </ClInclude>
    <ClInclude Include="$(XmakeProjectDir)\src\mc\common\ArmorTextureType.h">
      <Filter>src\mc\common</Filter>
    </ClInclude>
    <ClInclude Include="$(XmakeProjectDir)\src\mc\common\AssertDialogResponse.h">
      <Filter>src\mc\common</Filter>
    </ClInclude>
    <ClInclude Include="$(XmakeProjectDir)\src\mc\common\AttachableSlotIndex.h">
      <Filter>src\mc\common</Filter>
    </ClInclude>
    <ClInclude Include="$(XmakeProjectDir)\src\mc\common\AttachmentType.h">
      <Filter>src\mc\common</Filter>
    </ClInclude>
    <ClInclude Include="$(XmakeProjectDir)\src\mc\common\AttributeBuffType.h">
      <Filter>src\mc\common</Filter>
    </ClInclude>
    <ClInclude Include="$(XmakeProjectDir)\src\mc\common\AttributeModifierOperation.h">
      <Filter>src\mc\common</Filter>
    </ClInclude>
    <ClInclude Include="$(XmakeProjectDir)\src\mc\common\AttributeOperands.h">
      <Filter>src\mc\common</Filter>
    </ClInclude>
    <ClInclude Include="$(XmakeProjectDir)\src\mc\common\AutomaticID.h">
      <Filter>src\mc\common</Filter>
    </ClInclude>
    <ClInclude Include="$(XmakeProjectDir)\src\mc\common\BaseGameVersion.h">
      <Filter>src\mc\common</Filter>
    </ClInclude>
    <ClInclude Include="$(XmakeProjectDir)\src\mc\common\BatteryStatus.h">
      <Filter>src\mc\common</Filter>
    </ClInclude>
    <ClInclude Include="$(XmakeProjectDir)\src\mc\common\BedSleepingResult.h">
      <Filter>src\mc\common</Filter>
    </ClInclude>
    <ClInclude Include="$(XmakeProjectDir)\src\mc\common\BehaviorStatus.h">
      <Filter>src\mc\common</Filter>
    </ClInclude>
    <ClInclude Include="$(XmakeProjectDir)\src\mc\common\BigDripleafTilt.h">
      <Filter>src\mc\common</Filter>
    </ClInclude>
    <ClInclude Include="$(XmakeProjectDir)\src\mc\common\BlendVersion.h">
      <Filter>src\mc\common</Filter>
    </ClInclude>
    <ClInclude Include="$(XmakeProjectDir)\src\mc\common\BlockActorType.h">
      <Filter>src\mc\common</Filter>
    </ClInclude>
    <ClInclude Include="$(XmakeProjectDir)\src\mc\common\BlockColor.h">
      <Filter>src\mc\common</Filter>
    </ClInclude>
    <ClInclude Include="$(XmakeProjectDir)\src\mc\common\BlockProperty.h">
      <Filter>src\mc\common</Filter>
    </ClInclude>
    <ClInclude Include="$(XmakeProjectDir)\src\mc\common\BlockRenderLayer.h">
      <Filter>src\mc\common</Filter>
    </ClInclude>
    <ClInclude Include="$(XmakeProjectDir)\src\mc\common\BlockShape.h">
      <Filter>src\mc\common</Filter>
    </ClInclude>
    <ClInclude Include="$(XmakeProjectDir)\src\mc\common\BlockSlot.h">
      <Filter>src\mc\common</Filter>
    </ClInclude>
    <ClInclude Include="$(XmakeProjectDir)\src\mc\common\BlockSupportType.h">
      <Filter>src\mc\common</Filter>
    </ClInclude>
    <ClInclude Include="$(XmakeProjectDir)\src\mc\common\BlockTintType.h">
      <Filter>src\mc\common</Filter>
    </ClInclude>
    <ClInclude Include="$(XmakeProjectDir)\src\mc\common\BoneAnimationRelativeMode.h">
      <Filter>src\mc\common</Filter>
    </ClInclude>
    <ClInclude Include="$(XmakeProjectDir)\src\mc\common\BoneTransformType.h">
      <Filter>src\mc\common</Filter>
    </ClInclude>
    <ClInclude Include="$(XmakeProjectDir)\src\mc\common\BookEditAction.h">
      <Filter>src\mc\common</Filter>
    </ClInclude>
    <ClInclude Include="$(XmakeProjectDir)\src\mc\common\BossBarColor.h">
      <Filter>src\mc\common</Filter>
    </ClInclude>
    <ClInclude Include="$(XmakeProjectDir)\src\mc\common\BossBarOverlay.h">
      <Filter>src\mc\common</Filter>
    </ClInclude>
    <ClInclude Include="$(XmakeProjectDir)\src\mc\common\Brightness.h">
      <Filter>src\mc\common</Filter>
    </ClInclude>
    <ClInclude Include="$(XmakeProjectDir)\src\mc\common\BucketFillType.h">
      <Filter>src\mc\common</Filter>
    </ClInclude>
    <ClInclude Include="$(XmakeProjectDir)\src\mc\common\BuildPlatform.h">
      <Filter>src\mc\common</Filter>
    </ClInclude>
    <ClInclude Include="$(XmakeProjectDir)\src\mc\common\BurnOdds.h">
      <Filter>src\mc\common</Filter>
    </ClInclude>
    <ClInclude Include="$(XmakeProjectDir)\src\mc\common\CameraShakeAction.h">
      <Filter>src\mc\common</Filter>
    </ClInclude>
    <ClInclude Include="$(XmakeProjectDir)\src\mc\common\CameraShakeType.h">
      <Filter>src\mc\common</Filter>
    </ClInclude>
    <ClInclude Include="$(XmakeProjectDir)\src\mc\common\CanClimbIntoNode.h">
      <Filter>src\mc\common</Filter>
    </ClInclude>
    <ClInclude Include="$(XmakeProjectDir)\src\mc\common\CanJumpIntoNode.h">
      <Filter>src\mc\common</Filter>
    </ClInclude>
    <ClInclude Include="$(XmakeProjectDir)\src\mc\common\CauldronLiquidType.h">
      <Filter>src\mc\common</Filter>
    </ClInclude>
    <ClInclude Include="$(XmakeProjectDir)\src\mc\common\CaveVinesVariant.h">
      <Filter>src\mc\common</Filter>
    </ClInclude>
    <ClInclude Include="$(XmakeProjectDir)\src\mc\common\ChalkboardSize.h">
      <Filter>src\mc\common</Filter>
    </ClInclude>
    <ClInclude Include="$(XmakeProjectDir)\src\mc\common\ChatRestrictionLevel.h">
      <Filter>src\mc\common</Filter>
    </ClInclude>
    <ClInclude Include="$(XmakeProjectDir)\src\mc\common\ChemistryTableType.h">
      <Filter>src\mc\common</Filter>
    </ClInclude>
    <ClInclude Include="$(XmakeProjectDir)\src\mc\common\ChiselType.h">
      <Filter>src\mc\common</Filter>
    </ClInclude>
    <ClInclude Include="$(XmakeProjectDir)\src\mc\common\CircuitComponentType.h">
      <Filter>src\mc\common</Filter>
    </ClInclude>
    <ClInclude Include="$(XmakeProjectDir)\src\mc\common\ClassroomSetting.h">
      <Filter>src\mc\common</Filter>
    </ClInclude>
    <ClInclude Include="$(XmakeProjectDir)\src\mc\common\ClientInputLockCategory.h">
      <Filter>src\mc\common</Filter>
    </ClInclude>
    <ClInclude Include="$(XmakeProjectDir)\src\mc\common\ClientInputLockType.h">
      <Filter>src\mc\common</Filter>
    </ClInclude>
    <ClInclude Include="$(XmakeProjectDir)\src\mc\common\ClientPlayMode.h">
      <Filter>src\mc\common</Filter>
    </ClInclude>
    <ClInclude Include="$(XmakeProjectDir)\src\mc\common\CloseStatusCode.h">
      <Filter>src\mc\common</Filter>
    </ClInclude>
    <ClInclude Include="$(XmakeProjectDir)\src\mc\common\Color.h">
      <Filter>src\mc\common</Filter>
    </ClInclude>
    <ClInclude Include="$(XmakeProjectDir)\src\mc\common\ColoredTorchColor.h">
      <Filter>src\mc\common</Filter>
    </ClInclude>
    <ClInclude Include="$(XmakeProjectDir)\src\mc\common\CommandOutputType.h">
      <Filter>src\mc\common</Filter>
    </ClInclude>
    <ClInclude Include="$(XmakeProjectDir)\src\mc\common\CompactionStatus.h">
      <Filter>src\mc\common</Filter>
    </ClInclude>
    <ClInclude Include="$(XmakeProjectDir)\src\mc\common\CompoundTagUpdaterResult.h">
      <Filter>src\mc\common</Filter>
    </ClInclude>
    <ClInclude Include="$(XmakeProjectDir)\src\mc\common\CompoundType.h">
      <Filter>src\mc\common</Filter>
    </ClInclude>
    <ClInclude Include="$(XmakeProjectDir)\src\mc\common\Compressibility.h">
      <Filter>src\mc\common</Filter>
    </ClInclude>
    <ClInclude Include="$(XmakeProjectDir)\src\mc\common\CoordinatorResult.h">
      <Filter>src\mc\common</Filter>
    </ClInclude>
    <ClInclude Include="$(XmakeProjectDir)\src\mc\common\CopperType.h">
      <Filter>src\mc\common</Filter>
    </ClInclude>
    <ClInclude Include="$(XmakeProjectDir)\src\mc\common\CoralColor.h">
      <Filter>src\mc\common</Filter>
    </ClInclude>
    <ClInclude Include="$(XmakeProjectDir)\src\mc\common\CraftingDataEntryType.h">
      <Filter>src\mc\common</Filter>
    </ClInclude>
    <ClInclude Include="$(XmakeProjectDir)\src\mc\common\CrashDumpLogStringID.h">
      <Filter>src\mc\common</Filter>
    </ClInclude>
    <ClInclude Include="$(XmakeProjectDir)\src\mc\common\CreativeItemCategory.h">
      <Filter>src\mc\common</Filter>
    </ClInclude>
    <ClInclude Include="$(XmakeProjectDir)\src\mc\common\CurrentCmdVersion.h">
      <Filter>src\mc\common</Filter>
    </ClInclude>
    <ClInclude Include="$(XmakeProjectDir)\src\mc\common\DataItemType.h">
      <Filter>src\mc\common</Filter>
    </ClInclude>
    <ClInclude Include="$(XmakeProjectDir)\src\mc\common\DataLoadHelperType.h">
      <Filter>src\mc\common</Filter>
    </ClInclude>
    <ClInclude Include="$(XmakeProjectDir)\src\mc\common\DaylightCycle.h">
      <Filter>src\mc\common</Filter>
    </ClInclude>
    <ClInclude Include="$(XmakeProjectDir)\src\mc\common\DeviceSunsetTier.h">
      <Filter>src\mc\common</Filter>
    </ClInclude>
    <ClInclude Include="$(XmakeProjectDir)\src\mc\common\Difficulty.h">
      <Filter>src\mc\common</Filter>
    </ClInclude>
    <ClInclude Include="$(XmakeProjectDir)\src\mc\common\DirtType.h">
      <Filter>src\mc\common</Filter>
    </ClInclude>
    <ClInclude Include="$(XmakeProjectDir)\src\mc\common\DiskStatus.h">
      <Filter>src\mc\common</Filter>
    </ClInclude>
    <ClInclude Include="$(XmakeProjectDir)\src\mc\common\DoublePlantType.h">
      <Filter>src\mc\common</Filter>
    </ClInclude>
    <ClInclude Include="$(XmakeProjectDir)\src\mc\common\DripstoneThickness.h">
      <Filter>src\mc\common</Filter>
    </ClInclude>
    <ClInclude Include="$(XmakeProjectDir)\src\mc\common\DwellerRole.h">
      <Filter>src\mc\common</Filter>
    </ClInclude>
    <ClInclude Include="$(XmakeProjectDir)\src\mc\common\DynamicPropertyDefinePropertyError.h">
      <Filter>src\mc\common</Filter>
    </ClInclude>
    <ClInclude Include="$(XmakeProjectDir)\src\mc\common\EasingType.h">
      <Filter>src\mc\common</Filter>
    </ClInclude>
    <ClInclude Include="$(XmakeProjectDir)\src\mc\common\EduControlPanelUpdateType.h">
      <Filter>src\mc\common</Filter>
    </ClInclude>
    <ClInclude Include="$(XmakeProjectDir)\src\mc\common\EduShareMethodType.h">
      <Filter>src\mc\common</Filter>
    </ClInclude>
    <ClInclude Include="$(XmakeProjectDir)\src\mc\common\EduShareUriType.h">
      <Filter>src\mc\common</Filter>
    </ClInclude>
    <ClInclude Include="$(XmakeProjectDir)\src\mc\common\EducationEditionOffer.h">
      <Filter>src\mc\common</Filter>
    </ClInclude>
    <ClInclude Include="$(XmakeProjectDir)\src\mc\common\EggCount.h">
      <Filter>src\mc\common</Filter>
    </ClInclude>
    <ClInclude Include="$(XmakeProjectDir)\src\mc\common\ElementType.h">
      <Filter>src\mc\common</Filter>
    </ClInclude>
    <ClInclude Include="$(XmakeProjectDir)\src\mc\common\EncryptedProxyReadMode.h">
      <Filter>src\mc\common</Filter>
    </ClInclude>
    <ClInclude Include="$(XmakeProjectDir)\src\mc\common\EquipmentFilter.h">
      <Filter>src\mc\common</Filter>
    </ClInclude>
    <ClInclude Include="$(XmakeProjectDir)\src\mc\common\EquipmentSlot.h">
      <Filter>src\mc\common</Filter>
    </ClInclude>
    <ClInclude Include="$(XmakeProjectDir)\src\mc\common\ErrorInfo.h">
      <Filter>src\mc\common</Filter>
    </ClInclude>
    <ClInclude Include="$(XmakeProjectDir)\src\mc\common\Exclude.h">
      <Filter>src\mc\common</Filter>
    </ClInclude>
    <ClInclude Include="$(XmakeProjectDir)\src\mc\common\ExpressionOp.h">
      <Filter>src\mc\common</Filter>
    </ClInclude>
    <ClInclude Include="$(XmakeProjectDir)\src\mc\common\FacingID.h">
      <Filter>src\mc\common</Filter>
    </ClInclude>
    <ClInclude Include="$(XmakeProjectDir)\src\mc\common\FeatureRefTraits.h">
      <Filter>src\mc\common</Filter>
    </ClInclude>
    <ClInclude Include="$(XmakeProjectDir)\src\mc\common\FertilizerType.h">
      <Filter>src\mc\common</Filter>
    </ClInclude>
    <ClInclude Include="$(XmakeProjectDir)\src\mc\common\FileReadResult.h">
      <Filter>src\mc\common</Filter>
    </ClInclude>
    <ClInclude Include="$(XmakeProjectDir)\src\mc\common\FilterParamOption.h">
      <Filter>src\mc\common</Filter>
    </ClInclude>
    <ClInclude Include="$(XmakeProjectDir)\src\mc\common\FilterParamRequirement.h">
      <Filter>src\mc\common</Filter>
    </ClInclude>
    <ClInclude Include="$(XmakeProjectDir)\src\mc\common\FilterParamType.h">
      <Filter>src\mc\common</Filter>
    </ClInclude>
    <ClInclude Include="$(XmakeProjectDir)\src\mc\common\FilterSubject.h">
      <Filter>src\mc\common</Filter>
    </ClInclude>
    <ClInclude Include="$(XmakeProjectDir)\src\mc\common\FlameOdds.h">
      <Filter>src\mc\common</Filter>
    </ClInclude>
    <ClInclude Include="$(XmakeProjectDir)\src\mc\common\Flip.h">
      <Filter>src\mc\common</Filter>
    </ClInclude>
    <ClInclude Include="$(XmakeProjectDir)\src\mc\common\FlowerPlacementType.h">
      <Filter>src\mc\common</Filter>
    </ClInclude>
    <ClInclude Include="$(XmakeProjectDir)\src\mc\common\FlowerType.h">
      <Filter>src\mc\common</Filter>
    </ClInclude>
    <ClInclude Include="$(XmakeProjectDir)\src\mc\common\FocusImpact.h">
      <Filter>src\mc\common</Filter>
    </ClInclude>
    <ClInclude Include="$(XmakeProjectDir)\src\mc\common\FullscreenMode.h">
      <Filter>src\mc\common</Filter>
    </ClInclude>
    <ClInclude Include="$(XmakeProjectDir)\src\mc\common\FunctionQueueOrder.h">
      <Filter>src\mc\common</Filter>
    </ClInclude>
    <ClInclude Include="$(XmakeProjectDir)\src\mc\common\FunctionState.h">
      <Filter>src\mc\common</Filter>
    </ClInclude>
    <ClInclude Include="$(XmakeProjectDir)\src\mc\common\GameType.h">
      <Filter>src\mc\common</Filter>
    </ClInclude>
    <ClInclude Include="$(XmakeProjectDir)\src\mc\common\GameplayHandlerResult.h">
      <Filter>src\mc\common</Filter>
    </ClInclude>
    <ClInclude Include="$(XmakeProjectDir)\src\mc\common\HandSlot.h">
      <Filter>src\mc\common</Filter>
    </ClInclude>
    <ClInclude Include="$(XmakeProjectDir)\src\mc\common\HandlerResult.h">
      <Filter>src\mc\common</Filter>
    </ClInclude>
    <ClInclude Include="$(XmakeProjectDir)\src\mc\common\HardcodedSpawnAreaType.h">
      <Filter>src\mc\common</Filter>
    </ClInclude>
    <ClInclude Include="$(XmakeProjectDir)\src\mc\common\HashedString.h">
      <Filter>src\mc\common</Filter>
    </ClInclude>
    <ClInclude Include="$(XmakeProjectDir)\src\mc\common\HatchLevel.h">
      <Filter>src\mc\common</Filter>
    </ClInclude>
    <ClInclude Include="$(XmakeProjectDir)\src\mc\common\HorseFlags.h">
      <Filter>src\mc\common</Filter>
    </ClInclude>
    <ClInclude Include="$(XmakeProjectDir)\src\mc\common\IDType.h">
      <Filter>src\mc\common</Filter>
    </ClInclude>
    <ClInclude Include="$(XmakeProjectDir)\src\mc\common\InHandUpdateType.h">
      <Filter>src\mc\common</Filter>
    </ClInclude>
    <ClInclude Include="$(XmakeProjectDir)\src\mc\common\InMemoryAccessMode.h">
      <Filter>src\mc\common</Filter>
    </ClInclude>
    <ClInclude Include="$(XmakeProjectDir)\src\mc\common\Include.h">
      <Filter>src\mc\common</Filter>
    </ClInclude>
    <ClInclude Include="$(XmakeProjectDir)\src\mc\common\InitializationMethod.h">
      <Filter>src\mc\common</Filter>
    </ClInclude>
    <ClInclude Include="$(XmakeProjectDir)\src\mc\common\InputMode.h">
      <Filter>src\mc\common</Filter>
    </ClInclude>
    <ClInclude Include="$(XmakeProjectDir)\src\mc\common\IntegrityTokenResult.h">
      <Filter>src\mc\common</Filter>
    </ClInclude>
    <ClInclude Include="$(XmakeProjectDir)\src\mc\common\InteractionResult.h">
      <Filter>src\mc\common</Filter>
    </ClInclude>
    <ClInclude Include="$(XmakeProjectDir)\src\mc\common\InventorySourceType.h">
      <Filter>src\mc\common</Filter>
    </ClInclude>
    <ClInclude Include="$(XmakeProjectDir)\src\mc\common\InventoryTransactionError.h">
      <Filter>src\mc\common</Filter>
    </ClInclude>
    <ClInclude Include="$(XmakeProjectDir)\src\mc\common\InvertableFilter.h">
      <Filter>src\mc\common</Filter>
    </ClInclude>
    <ClInclude Include="$(XmakeProjectDir)\src\mc\common\ItemColor.h">
      <Filter>src\mc\common</Filter>
    </ClInclude>
    <ClInclude Include="$(XmakeProjectDir)\src\mc\common\JigsawJointType.h">
      <Filter>src\mc\common</Filter>
    </ClInclude>
    <ClInclude Include="$(XmakeProjectDir)\src\mc\common\JumpType.h">
      <Filter>src\mc\common</Filter>
    </ClInclude>
    <ClInclude Include="$(XmakeProjectDir)\src\mc\common\KeyFrameLerpStyle.h">
      <Filter>src\mc\common</Filter>
    </ClInclude>
    <ClInclude Include="$(XmakeProjectDir)\src\mc\common\KnownPackType.h">
      <Filter>src\mc\common</Filter>
    </ClInclude>
    <ClInclude Include="$(XmakeProjectDir)\src\mc\common\LabTableReactionType.h">
      <Filter>src\mc\common</Filter>
    </ClInclude>
    <ClInclude Include="$(XmakeProjectDir)\src\mc\common\LastClickedSource.h">
      <Filter>src\mc\common</Filter>
    </ClInclude>
    <ClInclude Include="$(XmakeProjectDir)\src\mc\common\LavaFlammable.h">
      <Filter>src\mc\common</Filter>
    </ClInclude>
    <ClInclude Include="$(XmakeProjectDir)\src\mc\common\LeafSize.h">
      <Filter>src\mc\common</Filter>
    </ClInclude>
    <ClInclude Include="$(XmakeProjectDir)\src\mc\common\LessonAction.h">
      <Filter>src\mc\common</Filter>
    </ClInclude>
    <ClInclude Include="$(XmakeProjectDir)\src\mc\common\LevelSoundEvent.h">
      <Filter>src\mc\common</Filter>
    </ClInclude>
    <ClInclude Include="$(XmakeProjectDir)\src\mc\common\LeverDirection.h">
      <Filter>src\mc\common</Filter>
    </ClInclude>
    <ClInclude Include="$(XmakeProjectDir)\src\mc\common\LimboEntitiesVersion.h">
      <Filter>src\mc\common</Filter>
    </ClInclude>
    <ClInclude Include="$(XmakeProjectDir)\src\mc\common\LoadingState.h">
      <Filter>src\mc\common</Filter>
    </ClInclude>
    <ClInclude Include="$(XmakeProjectDir)\src\mc\common\LocatorStateChangeRequest.h">
      <Filter>src\mc\common</Filter>
    </ClInclude>
    <ClInclude Include="$(XmakeProjectDir)\src\mc\common\LogArea.h">
      <Filter>src\mc\common</Filter>
    </ClInclude>
    <ClInclude Include="$(XmakeProjectDir)\src\mc\common\LogAreaID.h">
      <Filter>src\mc\common</Filter>
    </ClInclude>
    <ClInclude Include="$(XmakeProjectDir)\src\mc\common\LogLevel.h">
      <Filter>src\mc\common</Filter>
    </ClInclude>
    <ClInclude Include="$(XmakeProjectDir)\src\mc\common\ManifestOrigin.h">
      <Filter>src\mc\common</Filter>
    </ClInclude>
    <ClInclude Include="$(XmakeProjectDir)\src\mc\common\ManifestType.h">
      <Filter>src\mc\common</Filter>
    </ClInclude>
    <ClInclude Include="$(XmakeProjectDir)\src\mc\common\MapType.h">
      <Filter>src\mc\common</Filter>
    </ClInclude>
    <ClInclude Include="$(XmakeProjectDir)\src\mc\common\MaterialType.h">
      <Filter>src\mc\common</Filter>
    </ClInclude>
    <ClInclude Include="$(XmakeProjectDir)\src\mc\common\MinecartType.h">
      <Filter>src\mc\common</Filter>
    </ClInclude>
    <ClInclude Include="$(XmakeProjectDir)\src\mc\common\MinecraftPacketIds.h">
      <Filter>src\mc\common</Filter>
    </ClInclude>
    <ClInclude Include="$(XmakeProjectDir)\src\mc\common\Mirror.h">
      <Filter>src\mc\common</Filter>
    </ClInclude>
    <ClInclude Include="$(XmakeProjectDir)\src\mc\common\MobSpawnMethod.h">
      <Filter>src\mc\common</Filter>
    </ClInclude>
    <ClInclude Include="$(XmakeProjectDir)\src\mc\common\ModalFormCancelReason.h">
      <Filter>src\mc\common</Filter>
    </ClInclude>
    <ClInclude Include="$(XmakeProjectDir)\src\mc\common\MolangCompileResult.h">
      <Filter>src\mc\common</Filter>
    </ClInclude>
    <ClInclude Include="$(XmakeProjectDir)\src\mc\common\MonsterEggStoneType.h">
      <Filter>src\mc\common</Filter>
    </ClInclude>
    <ClInclude Include="$(XmakeProjectDir)\src\mc\common\MoonPhases.h">
      <Filter>src\mc\common</Filter>
    </ClInclude>
    <ClInclude Include="$(XmakeProjectDir)\src\mc\common\MovePredictionType.h">
      <Filter>src\mc\common</Filter>
    </ClInclude>
    <ClInclude Include="$(XmakeProjectDir)\src\mc\common\MultiNoiseLegacyMode.h">
      <Filter>src\mc\common</Filter>
    </ClInclude>
    <ClInclude Include="$(XmakeProjectDir)\src\mc\common\MultiplayerSettingsPacketType.h">
      <Filter>src\mc\common</Filter>
    </ClInclude>
    <ClInclude Include="$(XmakeProjectDir)\src\mc\common\MushroomOuterType.h">
      <Filter>src\mc\common</Filter>
    </ClInclude>
    <ClInclude Include="$(XmakeProjectDir)\src\mc\common\NewInteractionModel.h">
      <Filter>src\mc\common</Filter>
    </ClInclude>
    <ClInclude Include="$(XmakeProjectDir)\src\mc\common\NewLeavesType.h">
      <Filter>src\mc\common</Filter>
    </ClInclude>
    <ClInclude Include="$(XmakeProjectDir)\src\mc\common\NewLogType.h">
      <Filter>src\mc\common</Filter>
    </ClInclude>
    <ClInclude Include="$(XmakeProjectDir)\src\mc\common\NodeType.h">
      <Filter>src\mc\common</Filter>
    </ClInclude>
    <ClInclude Include="$(XmakeProjectDir)\src\mc\common\ObjectiveSortOrder.h">
      <Filter>src\mc\common</Filter>
    </ClInclude>
    <ClInclude Include="$(XmakeProjectDir)\src\mc\common\OceanTempCategory.h">
      <Filter>src\mc\common</Filter>
    </ClInclude>
    <ClInclude Include="$(XmakeProjectDir)\src\mc\common\OldLeavesType.h">
      <Filter>src\mc\common</Filter>
    </ClInclude>
    <ClInclude Include="$(XmakeProjectDir)\src\mc\common\OldLogType.h">
      <Filter>src\mc\common</Filter>
    </ClInclude>
    <ClInclude Include="$(XmakeProjectDir)\src\mc\common\OpCode.h">
      <Filter>src\mc\common</Filter>
    </ClInclude>
    <ClInclude Include="$(XmakeProjectDir)\src\mc\common\OpenCodeMethod.h">
      <Filter>src\mc\common</Filter>
    </ClInclude>
    <ClInclude Include="$(XmakeProjectDir)\src\mc\common\OperationGraphResult.h">
      <Filter>src\mc\common</Filter>
    </ClInclude>
    <ClInclude Include="$(XmakeProjectDir)\src\mc\common\OperationMode.h">
      <Filter>src\mc\common</Filter>
    </ClInclude>
    <ClInclude Include="$(XmakeProjectDir)\src\mc\common\OptionID.h">
      <Filter>src\mc\common</Filter>
    </ClInclude>
    <ClInclude Include="$(XmakeProjectDir)\src\mc\common\OptionOwnerType.h">
      <Filter>src\mc\common</Filter>
    </ClInclude>
    <ClInclude Include="$(XmakeProjectDir)\src\mc\common\OptionResetFlags.h">
      <Filter>src\mc\common</Filter>
    </ClInclude>
    <ClInclude Include="$(XmakeProjectDir)\src\mc\common\Optional.h">
      <Filter>src\mc\common</Filter>
    </ClInclude>
    <ClInclude Include="$(XmakeProjectDir)\src\mc\common\OptionalComponentWrapper.h">
      <Filter>src\mc\common</Filter>
    </ClInclude>
    <ClInclude Include="$(XmakeProjectDir)\src\mc\common\OptionalGlobalT.h">
      <Filter>src\mc\common</Filter>
    </ClInclude>
    <ClInclude Include="$(XmakeProjectDir)\src\mc\common\OsVersion.h">
      <Filter>src\mc\common</Filter>
    </ClInclude>
    <ClInclude Include="$(XmakeProjectDir)\src\mc\common\OwnerPtrFactory.h">
      <Filter>src\mc\common</Filter>
    </ClInclude>
    <ClInclude Include="$(XmakeProjectDir)\src\mc\common\OwnerPtrT.h">
      <Filter>src\mc\common</Filter>
    </ClInclude>
    <ClInclude Include="$(XmakeProjectDir)\src\mc\common\POIType.h">
      <Filter>src\mc\common</Filter>
    </ClInclude>
    <ClInclude Include="$(XmakeProjectDir)\src\mc\common\PackAccessAssetGenerationResult.h">
      <Filter>src\mc\common</Filter>
    </ClInclude>
    <ClInclude Include="$(XmakeProjectDir)\src\mc\common\PacketPriority.h">
      <Filter>src\mc\common</Filter>
    </ClInclude>
    <ClInclude Include="$(XmakeProjectDir)\src\mc\common\PaletteColor.h">
      <Filter>src\mc\common</Filter>
    </ClInclude>
    <ClInclude Include="$(XmakeProjectDir)\src\mc\common\ParticleType.h">
      <Filter>src\mc\common</Filter>
    </ClInclude>
    <ClInclude Include="$(XmakeProjectDir)\src\mc\common\PathCompletionType.h">
      <Filter>src\mc\common</Filter>
    </ClInclude>
    <ClInclude Include="$(XmakeProjectDir)\src\mc\common\PermissionIPv6.h">
      <Filter>src\mc\common</Filter>
    </ClInclude>
    <ClInclude Include="$(XmakeProjectDir)\src\mc\common\PermissionLAN.h">
      <Filter>src\mc\common</Filter>
    </ClInclude>
    <ClInclude Include="$(XmakeProjectDir)\src\mc\common\PhotoType.h">
      <Filter>src\mc\common</Filter>
    </ClInclude>
    <ClInclude Include="$(XmakeProjectDir)\src\mc\common\PillarAxis.h">
      <Filter>src\mc\common</Filter>
    </ClInclude>
    <ClInclude Include="$(XmakeProjectDir)\src\mc\common\PistonState.h">
      <Filter>src\mc\common</Filter>
    </ClInclude>
    <ClInclude Include="$(XmakeProjectDir)\src\mc\common\PlatformType.h">
      <Filter>src\mc\common</Filter>
    </ClInclude>
    <ClInclude Include="$(XmakeProjectDir)\src\mc\common\PlayStatus.h">
      <Filter>src\mc\common</Filter>
    </ClInclude>
    <ClInclude Include="$(XmakeProjectDir)\src\mc\common\PortalAxis.h">
      <Filter>src\mc\common</Filter>
    </ClInclude>
    <ClInclude Include="$(XmakeProjectDir)\src\mc\common\PostProcessSettings.h">
      <Filter>src\mc\common</Filter>
    </ClInclude>
    <ClInclude Include="$(XmakeProjectDir)\src\mc\common\ProfanityFilterContext.h">
      <Filter>src\mc\common</Filter>
    </ClInclude>
    <ClInclude Include="$(XmakeProjectDir)\src\mc\common\ProjectileAnchor.h">
      <Filter>src\mc\common</Filter>
    </ClInclude>
    <ClInclude Include="$(XmakeProjectDir)\src\mc\common\Projection.h">
      <Filter>src\mc\common</Filter>
    </ClInclude>
    <ClInclude Include="$(XmakeProjectDir)\src\mc\common\PurchasePath.h">
      <Filter>src\mc\common</Filter>
    </ClInclude>
    <ClInclude Include="$(XmakeProjectDir)\src\mc\common\QueueRequestResult.h">
      <Filter>src\mc\common</Filter>
    </ClInclude>
    <ClInclude Include="$(XmakeProjectDir)\src\mc\common\RawInputType.h">
      <Filter>src\mc\common</Filter>
    </ClInclude>
    <ClInclude Include="$(XmakeProjectDir)\src\mc\common\RedefinitionMode.h">
      <Filter>src\mc\common</Filter>
    </ClInclude>
    <ClInclude Include="$(XmakeProjectDir)\src\mc\common\Ref.h">
      <Filter>src\mc\common</Filter>
    </ClInclude>
    <ClInclude Include="$(XmakeProjectDir)\src\mc\common\RepairItemResult.h">
      <Filter>src\mc\common</Filter>
    </ClInclude>
    <ClInclude Include="$(XmakeProjectDir)\src\mc\common\ReplayCorrectionResult.h">
      <Filter>src\mc\common</Filter>
    </ClInclude>
    <ClInclude Include="$(XmakeProjectDir)\src\mc\common\ReplayStateMode.h">
      <Filter>src\mc\common</Filter>
    </ClInclude>
    <ClInclude Include="$(XmakeProjectDir)\src\mc\common\RespawnAnimation.h">
      <Filter>src\mc\common</Filter>
    </ClInclude>
    <ClInclude Include="$(XmakeProjectDir)\src\mc\common\Result.h">
      <Filter>src\mc\common</Filter>
    </ClInclude>
    <ClInclude Include="$(XmakeProjectDir)\src\mc\common\ResultCode.h">
      <Filter>src\mc\common</Filter>
    </ClInclude>
    <ClInclude Include="$(XmakeProjectDir)\src\mc\common\Rotation.h">
      <Filter>src\mc\common</Filter>
    </ClInclude>
    <ClInclude Include="$(XmakeProjectDir)\src\mc\common\SandType.h">
      <Filter>src\mc\common</Filter>
    </ClInclude>
    <ClInclude Include="$(XmakeProjectDir)\src\mc\common\SandstoneType.h">
      <Filter>src\mc\common</Filter>
    </ClInclude>
    <ClInclude Include="$(XmakeProjectDir)\src\mc\common\SaplingType.h">
      <Filter>src\mc\common</Filter>
    </ClInclude>
    <ClInclude Include="$(XmakeProjectDir)\src\mc\common\ScalarOptional.h">
      <Filter>src\mc\common</Filter>
    </ClInclude>
    <ClInclude Include="$(XmakeProjectDir)\src\mc\common\ScorePacketType.h">
      <Filter>src\mc\common</Filter>
    </ClInclude>
    <ClInclude Include="$(XmakeProjectDir)\src\mc\common\ScoreboardIdentityPacketType.h">
      <Filter>src\mc\common</Filter>
    </ClInclude>
    <ClInclude Include="$(XmakeProjectDir)\src\mc\common\SeagrassType.h">
      <Filter>src\mc\common</Filter>
    </ClInclude>
    <ClInclude Include="$(XmakeProjectDir)\src\mc\common\SemVersion.h">
      <Filter>src\mc\common</Filter>
    </ClInclude>
    <ClInclude Include="$(XmakeProjectDir)\src\mc\common\SemanticConstraint.h">
      <Filter>src\mc\common</Filter>
    </ClInclude>
    <ClInclude Include="$(XmakeProjectDir)\src\mc\common\ServerAuthMovementMode.h">
      <Filter>src\mc\common</Filter>
    </ClInclude>
    <ClInclude Include="$(XmakeProjectDir)\src\mc\common\ServerConnectivityTestResult.h">
      <Filter>src\mc\common</Filter>
    </ClInclude>
    <ClInclude Include="$(XmakeProjectDir)\src\mc\common\SettingsScreenMode.h">
      <Filter>src\mc\common</Filter>
    </ClInclude>
    <ClInclude Include="$(XmakeProjectDir)\src\mc\common\ShapeType.h">
      <Filter>src\mc\common</Filter>
    </ClInclude>
    <ClInclude Include="$(XmakeProjectDir)\src\mc\common\SharePtrRefTraits.h">
      <Filter>src\mc\common</Filter>
    </ClInclude>
    <ClInclude Include="$(XmakeProjectDir)\src\mc\common\SharedPtr.h">
      <Filter>src\mc\common</Filter>
    </ClInclude>
    <ClInclude Include="$(XmakeProjectDir)\src\mc\common\Side.h">
      <Filter>src\mc\common</Filter>
    </ClInclude>
    <ClInclude Include="$(XmakeProjectDir)\src\mc\common\SignTextSide.h">
      <Filter>src\mc\common</Filter>
    </ClInclude>
    <ClInclude Include="$(XmakeProjectDir)\src\mc\common\SimulationType.h">
      <Filter>src\mc\common</Filter>
    </ClInclude>
    <ClInclude Include="$(XmakeProjectDir)\src\mc\common\SkeletalHierarchyIndex.h">
      <Filter>src\mc\common</Filter>
    </ClInclude>
    <ClInclude Include="$(XmakeProjectDir)\src\mc\common\SoftEnumUpdateType.h">
      <Filter>src\mc\common</Filter>
    </ClInclude>
    <ClInclude Include="$(XmakeProjectDir)\src\mc\common\SolidityCheckType.h">
      <Filter>src\mc\common</Filter>
    </ClInclude>
    <ClInclude Include="$(XmakeProjectDir)\src\mc\common\SpawnPositionType.h">
      <Filter>src\mc\common</Filter>
    </ClInclude>
    <ClInclude Include="$(XmakeProjectDir)\src\mc\common\SpongeType.h">
      <Filter>src\mc\common</Filter>
    </ClInclude>
    <ClInclude Include="$(XmakeProjectDir)\src\mc\common\StackRefResultT.h">
      <Filter>src\mc\common</Filter>
    </ClInclude>
    <ClInclude Include="$(XmakeProjectDir)\src\mc\common\StalkThickness.h">
      <Filter>src\mc\common</Filter>
    </ClInclude>
    <ClInclude Include="$(XmakeProjectDir)\src\mc\common\StoneBrickType.h">
      <Filter>src\mc\common</Filter>
    </ClInclude>
    <ClInclude Include="$(XmakeProjectDir)\src\mc\common\StoneSlabType.h">
      <Filter>src\mc\common</Filter>
    </ClInclude>
    <ClInclude Include="$(XmakeProjectDir)\src\mc\common\StoneSlabType2.h">
      <Filter>src\mc\common</Filter>
    </ClInclude>
    <ClInclude Include="$(XmakeProjectDir)\src\mc\common\StoneSlabType3.h">
      <Filter>src\mc\common</Filter>
    </ClInclude>
    <ClInclude Include="$(XmakeProjectDir)\src\mc\common\StoneSlabType4.h">
      <Filter>src\mc\common</Filter>
    </ClInclude>
    <ClInclude Include="$(XmakeProjectDir)\src\mc\common\StoneType.h">
      <Filter>src\mc\common</Filter>
    </ClInclude>
    <ClInclude Include="$(XmakeProjectDir)\src\mc\common\StorageVersion.h">
      <Filter>src\mc\common</Filter>
    </ClInclude>
    <ClInclude Include="$(XmakeProjectDir)\src\mc\common\StructureBlockPaletteLoadResult.h">
      <Filter>src\mc\common</Filter>
    </ClInclude>
    <ClInclude Include="$(XmakeProjectDir)\src\mc\common\StructureDeleteResult.h">
      <Filter>src\mc\common</Filter>
    </ClInclude>
    <ClInclude Include="$(XmakeProjectDir)\src\mc\common\StructureLoadResult.h">
      <Filter>src\mc\common</Filter>
    </ClInclude>
    <ClInclude Include="$(XmakeProjectDir)\src\mc\common\SubClientId.h">
      <Filter>src\mc\common</Filter>
    </ClInclude>
    <ClInclude Include="$(XmakeProjectDir)\src\mc\common\TagRegistry.h">
      <Filter>src\mc\common</Filter>
    </ClInclude>
    <ClInclude Include="$(XmakeProjectDir)\src\mc\common\TallGrassType.h">
      <Filter>src\mc\common</Filter>
    </ClInclude>
    <ClInclude Include="$(XmakeProjectDir)\src\mc\common\TargetSelectionMethod.h">
      <Filter>src\mc\common</Filter>
    </ClInclude>
    <ClInclude Include="$(XmakeProjectDir)\src\mc\common\TaskGroupState.h">
      <Filter>src\mc\common</Filter>
    </ClInclude>
    <ClInclude Include="$(XmakeProjectDir)\src\mc\common\TaskQueuePortStatus.h">
      <Filter>src\mc\common</Filter>
    </ClInclude>
    <ClInclude Include="$(XmakeProjectDir)\src\mc\common\TaskRunResult.h">
      <Filter>src\mc\common</Filter>
    </ClInclude>
    <ClInclude Include="$(XmakeProjectDir)\src\mc\common\TeleportAnalysis.h">
      <Filter>src\mc\common</Filter>
    </ClInclude>
    <ClInclude Include="$(XmakeProjectDir)\src\mc\common\TempEPtrBase.h">
      <Filter>src\mc\common</Filter>
    </ClInclude>
    <ClInclude Include="$(XmakeProjectDir)\src\mc\common\TextPacketType.h">
      <Filter>src\mc\common</Filter>
    </ClInclude>
    <ClInclude Include="$(XmakeProjectDir)\src\mc\common\ThermalState.h">
      <Filter>src\mc\common</Filter>
    </ClInclude>
    <ClInclude Include="$(XmakeProjectDir)\src\mc\common\ThreadLocalObject.h">
      <Filter>src\mc\common</Filter>
    </ClInclude>
    <ClInclude Include="$(XmakeProjectDir)\src\mc\common\TickingAreaLoadMode.h">
      <Filter>src\mc\common</Filter>
    </ClInclude>
    <ClInclude Include="$(XmakeProjectDir)\src\mc\common\TickingQueueType.h">
      <Filter>src\mc\common</Filter>
    </ClInclude>
    <ClInclude Include="$(XmakeProjectDir)\src\mc\common\TorchFacing.h">
      <Filter>src\mc\common</Filter>
    </ClInclude>
    <ClInclude Include="$(XmakeProjectDir)\src\mc\common\TrackerType.h">
      <Filter>src\mc\common</Filter>
    </ClInclude>
    <ClInclude Include="$(XmakeProjectDir)\src\mc\common\TransactionStatus.h">
      <Filter>src\mc\common</Filter>
    </ClInclude>
    <ClInclude Include="$(XmakeProjectDir)\src\mc\common\TransportLayer.h">
      <Filter>src\mc\common</Filter>
    </ClInclude>
    <ClInclude Include="$(XmakeProjectDir)\src\mc\common\TravelType.h">
      <Filter>src\mc\common</Filter>
    </ClInclude>
    <ClInclude Include="$(XmakeProjectDir)\src\mc\common\UIScalingRules.h">
      <Filter>src\mc\common</Filter>
    </ClInclude>
    <ClInclude Include="$(XmakeProjectDir)\src\mc\common\UploadError.h">
      <Filter>src\mc\common</Filter>
    </ClInclude>
    <ClInclude Include="$(XmakeProjectDir)\src\mc\common\UseAnimation.h">
      <Filter>src\mc\common</Filter>
    </ClInclude>
    <ClInclude Include="$(XmakeProjectDir)\src\mc\common\UserGeneratedUriSource.h">
      <Filter>src\mc\common</Filter>
    </ClInclude>
    <ClInclude Include="$(XmakeProjectDir)\src\mc\common\VRControllerType.h">
      <Filter>src\mc\common</Filter>
    </ClInclude>
    <ClInclude Include="$(XmakeProjectDir)\src\mc\common\ValueOrRef.h">
      <Filter>src\mc\common</Filter>
    </ClInclude>
    <ClInclude Include="$(XmakeProjectDir)\src\mc\common\VanillaBiomeTypes.h">
      <Filter>src\mc\common</Filter>
    </ClInclude>
    <ClInclude Include="$(XmakeProjectDir)\src\mc\common\VerticalHalfEnum.h">
      <Filter>src\mc\common</Filter>
    </ClInclude>
    <ClInclude Include="$(XmakeProjectDir)\src\mc\common\ViewT.h">
      <Filter>src\mc\common</Filter>
    </ClInclude>
    <ClInclude Include="$(XmakeProjectDir)\src\mc\common\WSConnectionResult.h">
      <Filter>src\mc\common</Filter>
    </ClInclude>
    <ClInclude Include="$(XmakeProjectDir)\src\mc\common\WallConnectionType.h">
      <Filter>src\mc\common</Filter>
    </ClInclude>
    <ClInclude Include="$(XmakeProjectDir)\src\mc\common\WatchdogTerminateReason.h">
      <Filter>src\mc\common</Filter>
    </ClInclude>
    <ClInclude Include="$(XmakeProjectDir)\src\mc\common\WeakPtr.h">
      <Filter>src\mc\common</Filter>
    </ClInclude>
    <ClInclude Include="$(XmakeProjectDir)\src\mc\common\WeakRefT.h">
      <Filter>src\mc\common</Filter>
    </ClInclude>
    <ClInclude Include="$(XmakeProjectDir)\src\mc\common\WeirdoDirection.h">
      <Filter>src\mc\common</Filter>
    </ClInclude>
    <ClInclude Include="$(XmakeProjectDir)\src\mc\common\WitherBossPreAIStepResult.h">
      <Filter>src\mc\common</Filter>
    </ClInclude>
    <ClInclude Include="$(XmakeProjectDir)\src\mc\common\WoodType.h">
      <Filter>src\mc\common</Filter>
    </ClInclude>
    <ClInclude Include="$(XmakeProjectDir)\src\mc\common\WorldTransferResultType.h">
      <Filter>src\mc\common</Filter>
    </ClInclude>
    <ClInclude Include="$(XmakeProjectDir)\src\mc\common\WorldVersion.h">
      <Filter>src\mc\common</Filter>
    </ClInclude>
    <ClInclude Include="$(XmakeProjectDir)\src\mc\common\XTaskQueueDispatchMode.h">
      <Filter>src\mc\common</Filter>
    </ClInclude>
    <ClInclude Include="$(XmakeProjectDir)\src\mc\common\XTaskQueuePort.h">
      <Filter>src\mc\common</Filter>
    </ClInclude>
    <ClInclude Include="$(XmakeProjectDir)\src\mc\common\optional_ref.h">
      <Filter>src\mc\common</Filter>
    </ClInclude>
    <ClInclude Include="$(XmakeProjectDir)\src\mc\common\referenced_ptr.h">
      <Filter>src\mc\common</Filter>
    </ClInclude>
    <ClInclude Include="$(XmakeProjectDir)\src\mc\common\typeid_t.h">
      <Filter>src\mc\common</Filter>
    </ClInclude>
    <ClInclude Include="$(XmakeProjectDir)\src\mc\item\Item.h">
      <Filter>src\mc\item</Filter>
    </ClInclude>
    <ClInclude Include="$(XmakeProjectDir)\src\mc\item\ItemInstance.h">
      <Filter>src\mc\item</Filter>
    </ClInclude>
    <ClInclude Include="$(XmakeProjectDir)\src\mc\item\ItemRegistryManager.h">
      <Filter>src\mc\item</Filter>
    </ClInclude>
    <ClInclude Include="$(XmakeProjectDir)\src\mc\item\ItemRegistryRef.h">
      <Filter>src\mc\item</Filter>
    </ClInclude>
    <ClInclude Include="$(XmakeProjectDir)\src\mc\item\ItemStack.h">
      <Filter>src\mc\item</Filter>
    </ClInclude>
    <ClInclude Include="$(XmakeProjectDir)\src\mc\item\ItemStackBase.h">
      <Filter>src\mc\item</Filter>
    </ClInclude>
    <ClInclude Include="$(XmakeProjectDir)\src\mc\math\AABB.h">
      <Filter>src\mc\math</Filter>
    </ClInclude>
    <ClInclude Include="$(XmakeProjectDir)\src\mc\math\BlockPos.h">
      <Filter>src\mc\math</Filter>
    </ClInclude>
    <ClInclude Include="$(XmakeProjectDir)\src\mc\math\Vec2.h">
      <Filter>src\mc\math</Filter>
    </ClInclude>
    <ClInclude Include="$(XmakeProjectDir)\src\mc\math\Vec3.h">
      <Filter>src\mc\math</Filter>
    </ClInclude>
    <ClInclude Include="$(XmakeProjectDir)\src\mc\math\vector\Vecs.h">
      <Filter>src\mc\math\vector</Filter>
    </ClInclude>
    <ClInclude Include="$(XmakeProjectDir)\src\mc\math\vector\boolN.h">
      <Filter>src\mc\math\vector</Filter>
    </ClInclude>
    <ClInclude Include="$(XmakeProjectDir)\src\mc\math\vector\component\BoolN.h">
      <Filter>src\mc\math\vector\component</Filter>
    </ClInclude>
    <ClInclude Include="$(XmakeProjectDir)\src\mc\math\vector\component\FloatN.h">
      <Filter>src\mc\math\vector\component</Filter>
    </ClInclude>
    <ClInclude Include="$(XmakeProjectDir)\src\mc\math\vector\component\IntN.h">
      <Filter>src\mc\math\vector\component</Filter>
    </ClInclude>
    <ClInclude Include="$(XmakeProjectDir)\src\mc\math\vector\component\base\CommutativeGroup.h">
      <Filter>src\mc\math\vector\component\base</Filter>
    </ClInclude>
    <ClInclude Include="$(XmakeProjectDir)\src\mc\math\vector\component\base\Field.h">
      <Filter>src\mc\math\vector\component\base</Filter>
    </ClInclude>
    <ClInclude Include="$(XmakeProjectDir)\src\mc\math\vector\component\base\VectorBase.h">
      <Filter>src\mc\math\vector\component\base</Filter>
    </ClInclude>
    <ClInclude Include="$(XmakeProjectDir)\src\mc\math\vector\component\base\vecN.h">
      <Filter>src\mc\math\vector\component\base</Filter>
    </ClInclude>
    <ClInclude Include="$(XmakeProjectDir)\src\mc\math\vector\doubleN.h">
      <Filter>src\mc\math\vector</Filter>
    </ClInclude>
    <ClInclude Include="$(XmakeProjectDir)\src\mc\math\vector\floatN.h">
      <Filter>src\mc\math\vector</Filter>
    </ClInclude>
    <ClInclude Include="$(XmakeProjectDir)\src\mc\math\vector\intN.h">
      <Filter>src\mc\math\vector</Filter>
    </ClInclude>
    <ClInclude Include="$(XmakeProjectDir)\src\mc\math\vector\longlongN.h">
      <Filter>src\mc\math\vector</Filter>
    </ClInclude>
    <ClInclude Include="$(XmakeProjectDir)\src\mc\nbt\ByteArrayTag.h">
      <Filter>src\mc\nbt</Filter>
    </ClInclude>
    <ClInclude Include="$(XmakeProjectDir)\src\mc\nbt\ByteTag.h">
      <Filter>src\mc\nbt</Filter>
    </ClInclude>
    <ClInclude Include="$(XmakeProjectDir)\src\mc\nbt\CompoundTag.h">
      <Filter>src\mc\nbt</Filter>
    </ClInclude>
    <ClInclude Include="$(XmakeProjectDir)\src\mc\nbt\CompoundTagVariant.h">
      <Filter>src\mc\nbt</Filter>
    </ClInclude>
    <ClInclude Include="$(XmakeProjectDir)\src\mc\nbt\DoubleTag.h">
      <Filter>src\mc\nbt</Filter>
    </ClInclude>
    <ClInclude Include="$(XmakeProjectDir)\src\mc\nbt\EndTag.h">
      <Filter>src\mc\nbt</Filter>
    </ClInclude>
    <ClInclude Include="$(XmakeProjectDir)\src\mc\nbt\FloatTag.h">
      <Filter>src\mc\nbt</Filter>
    </ClInclude>
    <ClInclude Include="$(XmakeProjectDir)\src\mc\nbt\Int64Tag.h">
      <Filter>src\mc\nbt</Filter>
    </ClInclude>
    <ClInclude Include="$(XmakeProjectDir)\src\mc\nbt\IntArrayTag.h">
      <Filter>src\mc\nbt</Filter>
    </ClInclude>
    <ClInclude Include="$(XmakeProjectDir)\src\mc\nbt\IntTag.h">
      <Filter>src\mc\nbt</Filter>
    </ClInclude>
    <ClInclude Include="$(XmakeProjectDir)\src\mc\nbt\ListTag.h">
      <Filter>src\mc\nbt</Filter>
    </ClInclude>
    <ClInclude Include="$(XmakeProjectDir)\src\mc\nbt\NbtIo.h">
      <Filter>src\mc\nbt</Filter>
    </ClInclude>
    <ClInclude Include="$(XmakeProjectDir)\src\mc\nbt\ShortTag.h">
      <Filter>src\mc\nbt</Filter>
    </ClInclude>
    <ClInclude Include="$(XmakeProjectDir)\src\mc\nbt\StringTag.h">
      <Filter>src\mc\nbt</Filter>
    </ClInclude>
    <ClInclude Include="$(XmakeProjectDir)\src\mc\nbt\Tag.h">
      <Filter>src\mc\nbt</Filter>
    </ClInclude>
    <ClInclude Include="$(XmakeProjectDir)\src\mc\nbt\TagMemoryChunk.h">
      <Filter>src\mc\nbt</Filter>
    </ClInclude>
    <ClInclude Include="$(XmakeProjectDir)\src\mc\network\BinaryStream.h">
      <Filter>src\mc\network</Filter>
    </ClInclude>
    <ClInclude Include="$(XmakeProjectDir)\src\mc\network\CraftingDataPacket.h">
      <Filter>src\mc\network</Filter>
    </ClInclude>
    <ClInclude Include="$(XmakeProjectDir)\src\mc\network\IPacketHandlerDispatcher.h">
      <Filter>src\mc\network</Filter>
    </ClInclude>
    <ClInclude Include="$(XmakeProjectDir)\src\mc\network\NetworkPeer.h">
      <Filter>src\mc\network</Filter>
    </ClInclude>
    <ClInclude Include="$(XmakeProjectDir)\src\mc\network\Packet.h">
      <Filter>src\mc\network</Filter>
    </ClInclude>
    <ClInclude Include="$(XmakeProjectDir)\src\mc\network\ReadOnlyBinaryStream.h">
      <Filter>src\mc\network</Filter>
    </ClInclude>
    <ClInclude Include="$(XmakeProjectDir)\src\mc\network\serialize.h">
      <Filter>src\mc\network</Filter>
    </ClInclude>
    <ClInclude Include="$(XmakeProjectDir)\src\mc\util\ItemColorUtil.h">
      <Filter>src\mc\util</Filter>
    </ClInclude>
    <ClInclude Include="$(XmakeProjectDir)\src\mc\util\Spawner.h">
      <Filter>src\mc\util</Filter>
    </ClInclude>
    <ClInclude Include="$(XmakeProjectDir)\src\mc\util\json\Value.h">
      <Filter>src\mc\util\json</Filter>
    </ClInclude>
    <ClInclude Include="$(XmakeProjectDir)\src\mc\util\json\ValueType.h">
      <Filter>src\mc\util\json</Filter>
    </ClInclude>
    <ClInclude Include="$(XmakeProjectDir)\src\mc\world\ActorFactory.h">
      <Filter>src\mc\world</Filter>
    </ClInclude>
    <ClInclude Include="$(XmakeProjectDir)\src\mc\world\Biome.h">
      <Filter>src\mc\world</Filter>
    </ClInclude>
    <ClInclude Include="$(XmakeProjectDir)\src\mc\world\BiomeRegistry.h">
      <Filter>src\mc\world</Filter>
    </ClInclude>
    <ClInclude Include="$(XmakeProjectDir)\src\mc\world\Block.h">
      <Filter>src\mc\world</Filter>
    </ClInclude>
    <ClInclude Include="$(XmakeProjectDir)\src\mc\world\BlockLegacy.h">
      <Filter>src\mc\world</Filter>
    </ClInclude>
    <ClInclude Include="$(XmakeProjectDir)\src\mc\world\BlockPalette.h">
      <Filter>src\mc\world</Filter>
    </ClInclude>
    <ClInclude Include="$(XmakeProjectDir)\src\mc\world\BlockSource.h">
      <Filter>src\mc\world</Filter>
    </ClInclude>
    <ClInclude Include="$(XmakeProjectDir)\src\mc\world\BlockTypeRegistry.h">
      <Filter>src\mc\world</Filter>
    </ClInclude>
    <ClInclude Include="$(XmakeProjectDir)\src\mc\world\Dimension.h">
      <Filter>src\mc\world</Filter>
    </ClInclude>
    <ClInclude Include="$(XmakeProjectDir)\src\mc\world\Direction.h">
      <Filter>src\mc\world</Filter>
    </ClInclude>
    <ClInclude Include="$(XmakeProjectDir)\src\mc\world\Experiments.h">
      <Filter>src\mc\world</Filter>
    </ClInclude>
    <ClInclude Include="$(XmakeProjectDir)\src\mc\world\ItemTag.h">
      <Filter>src\mc\world</Filter>
    </ClInclude>
    <ClInclude Include="$(XmakeProjectDir)\src\mc\world\Level.h">
      <Filter>src\mc\world</Filter>
    </ClInclude>
    <ClInclude Include="$(XmakeProjectDir)\src\mc\world\LevelData.h">
      <Filter>src\mc\world</Filter>
    </ClInclude>
    <ClInclude Include="$(XmakeProjectDir)\src\mc\world\Material.h">
      <Filter>src\mc\world</Filter>
    </ClInclude>
    <ClInclude Include="$(XmakeProjectDir)\src\mc\world\Mob.h">
      <Filter>src\mc\world</Filter>
    </ClInclude>
    <ClInclude Include="$(XmakeProjectDir)\src\mc\world\VanillaBlockTags.h">
      <Filter>src\mc\world</Filter>
    </ClInclude>
    <ClInclude Include="$(XmakeProjectDir)\src\mc\world\VanillaItemTags.h">
      <Filter>src\mc\world</Filter>
    </ClInclude>


  </ItemGroup>
  <ItemGroup>

    <ClCompile Include="$(XmakeProjectDir)\src\DLLMain.cpp">
      <Filter>src</Filter>
    </ClCompile>
    <ClCompile Include="$(XmakeProjectDir)\src\DataExtractor.cpp">
      <Filter>src</Filter>
    </ClCompile>
    <ClCompile Include="$(XmakeProjectDir)\src\ll\memory\Closure.cpp">
      <Filter>src\ll\memory</Filter>
    </ClCompile>
    <ClCompile Include="$(XmakeProjectDir)\src\ll\memory\Hook.cpp">
      <Filter>src\ll\memory</Filter>
    </ClCompile>
    <ClCompile Include="$(XmakeProjectDir)\src\ll\memory\Memory.cpp">
      <Filter>src\ll\memory</Filter>
    </ClCompile>
    <ClCompile Include="$(XmakeProjectDir)\src\ll\memory\PatchHelper.cpp">
      <Filter>src\ll\memory</Filter>
    </ClCompile>
    <ClCompile Include="$(XmakeProjectDir)\src\ll\utils\StringUtils.cpp">
      <Filter>src\ll\utils</Filter>
    </ClCompile>
    <ClCompile Include="$(XmakeProjectDir)\src\ll\utils\WinUtils.cpp">
      <Filter>src\ll\utils</Filter>
    </ClCompile>
    <ClCompile Include="$(XmakeProjectDir)\src\mc\nbt\TagMemoryChunk.cpp">
      <Filter>src\mc\nbt</Filter>
    </ClCompile>



  </ItemGroup>
  <ItemGroup>

  </ItemGroup>
  <ItemGroup>


  </ItemGroup>
  <Import Condition="Exists('$(MSBuildThisFileDirectory)\Xmake.Custom.files.filters')"
    Project="$(MSBuildThisFileDirectory)\Xmake.Custom.files.filters" />
</Project>
